github.com/nfnt/resize v0.0.0-20180221191011-83c6a9932646 h1:zYyBkD/k9seD2A7fsi6Oo2LfFZAehjjQMERAvZLEDnQ=
github.com/nfnt/resize v0.0.0-20180221191011-83c6a9932646/go.mod h1:jpp1/29i3P1S/RLdc7JQKbRpFeM1dOBd8T9ki5s+AY8=
github.com/simulatedsimian/joystick v1.0.1 h1:bZYHP+qaEmx0oc6oFIYQCt+rYL46G6rZRke+bipEEpY=
github.com/simulatedsimian/joystick v1.0.1/go.mod h1:V+4pJKB2SmVXfp8w7EW5RR9InUXO5M/WhVEHwosjujA=
github.com/tarm/serial v0.0.0-20150317063745-e3f4c97bb713 h1:jJp31n+wSB8Ge1vmx2VQ4pDPZr7GUSEd0z59vCRiUE0=
github.com/tarm/serial v0.0.0-20150317063745-e3f4c97bb713/go.mod h1:kDXzergiv9cbyO7IOYJZWg1U88JhDg3PB6klq9Hg2pA=
golang.org/x/image v0.0.0-20220412021310-99f80d0ecbab h1:eHkNseJ4smqIyoMhVq7HAtvfhzqwX+s5w5CtTJwUpuI=
golang.org/x/image v0.0.0-20220412021310-99f80d0ecbab/go.mod h1:023OzeP/+EPmXeapQh35lcL3II3LrY8Ic+EFFKVhULM=
golang.org/x/sys v0.0.0-20220412071739-889880a91fd5 h1:NubxfvTRuNb4RVzWrIDAUzUvREH1HkCD4JjyQTSG9As=
golang.org/x/sys v0.0.0-20220412071739-889880a91fd5/go.mod h1:oPkhp1MJrh7nUepCBck5+mAzfO9JrbApNNgaTdGDITg=
golang.org/x/text v0.3.6/go.mod h1:5Zoc/QRtKVWzQhOtBMvqHzDpF6irO9z98xDceosuGiQ=
golang.org/x/tools v0.0.0-20180917221912-90fa682c2a6e/go.mod h1:n7NCudcB/nEzxVGmLbDWY5pfWTLqBcC2KZ6jyYvM4mQ=
